
Microsoft Visual Studio Solution File, Format Version 12.00
# Visual Studio Version 17
Project("{2150E333-8FDC-42A3-9474-1A3956D46DE8}") = "CMakePredefinedTargets", "CMakePredefinedTargets", "{3FC289FC-03F5-30FE-B509-4C7D95CD3F48}"
EndProject
Project("{2150E333-8FDC-42A3-9474-1A3956D46DE8}") = "GLEW", "GLEW", "{5D6C8ACD-AD68-3867-8AA4-553571FD8483}"
EndProject
Project("{8BC9CEB8-8B4A-11D0-8D11-00A0C91BC942}") = "ALL_BUILD", "ALL_BUILD.vcxproj", "{4CD7A9B3-5DA9-35A5-A9FE-E694129F544F}"
	ProjectSection(ProjectDependencies) = postProject
		{5C6F29A6-C090-31C4-950D-76426B449807} = {5C6F29A6-C090-31C4-950D-76426B449807}
		{C6B92DAA-49D0-38D4-9F15-C5465CB1274F} = {C6B92DAA-49D0-38D4-9F15-C5465CB1274F}
	EndProjectSection
EndProject
Project("{8BC9CEB8-8B4A-11D0-8D11-00A0C91BC942}") = "INSTALL", "INSTALL.vcxproj", "{025CC1E1-EAB2-3A81-ACB2-31A8F49C36EC}"
	ProjectSection(ProjectDependencies) = postProject
		{4CD7A9B3-5DA9-35A5-A9FE-E694129F544F} = {4CD7A9B3-5DA9-35A5-A9FE-E694129F544F}
		{5C6F29A6-C090-31C4-950D-76426B449807} = {5C6F29A6-C090-31C4-950D-76426B449807}
	EndProjectSection
EndProject
Project("{8BC9CEB8-8B4A-11D0-8D11-00A0C91BC942}") = "ZERO_CHECK", "..\..\\ZERO_CHECK.vcxproj", "{5C6F29A6-C090-31C4-950D-76426B449807}"
	ProjectSection(ProjectDependencies) = postProject
	EndProjectSection
EndProject
Project("{8BC9CEB8-8B4A-11D0-8D11-00A0C91BC942}") = "glew", "glew.vcxproj", "{C6B92DAA-49D0-38D4-9F15-C5465CB1274F}"
	ProjectSection(ProjectDependencies) = postProject
		{5C6F29A6-C090-31C4-950D-76426B449807} = {5C6F29A6-C090-31C4-950D-76426B449807}
	EndProjectSection
EndProject
Global
	GlobalSection(SolutionConfigurationPlatforms) = preSolution
		Debug|x64 = Debug|x64
		Release|x64 = Release|x64
		MinSizeRel|x64 = MinSizeRel|x64
		RelWithDebInfo|x64 = RelWithDebInfo|x64
	EndGlobalSection
	GlobalSection(ProjectConfigurationPlatforms) = postSolution
		{4CD7A9B3-5DA9-35A5-A9FE-E694129F544F}.Debug|x64.ActiveCfg = Debug|x64
		{4CD7A9B3-5DA9-35A5-A9FE-E694129F544F}.Debug|x64.Build.0 = Debug|x64
		{4CD7A9B3-5DA9-35A5-A9FE-E694129F544F}.Release|x64.ActiveCfg = Release|x64
		{4CD7A9B3-5DA9-35A5-A9FE-E694129F544F}.Release|x64.Build.0 = Release|x64
		{4CD7A9B3-5DA9-35A5-A9FE-E694129F544F}.MinSizeRel|x64.ActiveCfg = MinSizeRel|x64
		{4CD7A9B3-5DA9-35A5-A9FE-E694129F544F}.MinSizeRel|x64.Build.0 = MinSizeRel|x64
		{4CD7A9B3-5DA9-35A5-A9FE-E694129F544F}.RelWithDebInfo|x64.ActiveCfg = RelWithDebInfo|x64
		{4CD7A9B3-5DA9-35A5-A9FE-E694129F544F}.RelWithDebInfo|x64.Build.0 = RelWithDebInfo|x64
		{025CC1E1-EAB2-3A81-ACB2-31A8F49C36EC}.Debug|x64.ActiveCfg = Debug|x64
		{025CC1E1-EAB2-3A81-ACB2-31A8F49C36EC}.Release|x64.ActiveCfg = Release|x64
		{025CC1E1-EAB2-3A81-ACB2-31A8F49C36EC}.MinSizeRel|x64.ActiveCfg = MinSizeRel|x64
		{025CC1E1-EAB2-3A81-ACB2-31A8F49C36EC}.RelWithDebInfo|x64.ActiveCfg = RelWithDebInfo|x64
		{5C6F29A6-C090-31C4-950D-76426B449807}.Debug|x64.ActiveCfg = Debug|x64
		{5C6F29A6-C090-31C4-950D-76426B449807}.Debug|x64.Build.0 = Debug|x64
		{5C6F29A6-C090-31C4-950D-76426B449807}.Release|x64.ActiveCfg = Release|x64
		{5C6F29A6-C090-31C4-950D-76426B449807}.Release|x64.Build.0 = Release|x64
		{5C6F29A6-C090-31C4-950D-76426B449807}.MinSizeRel|x64.ActiveCfg = MinSizeRel|x64
		{5C6F29A6-C090-31C4-950D-76426B449807}.MinSizeRel|x64.Build.0 = MinSizeRel|x64
		{5C6F29A6-C090-31C4-950D-76426B449807}.RelWithDebInfo|x64.ActiveCfg = RelWithDebInfo|x64
		{5C6F29A6-C090-31C4-950D-76426B449807}.RelWithDebInfo|x64.Build.0 = RelWithDebInfo|x64
		{C6B92DAA-49D0-38D4-9F15-C5465CB1274F}.Debug|x64.ActiveCfg = Debug|x64
		{C6B92DAA-49D0-38D4-9F15-C5465CB1274F}.Debug|x64.Build.0 = Debug|x64
		{C6B92DAA-49D0-38D4-9F15-C5465CB1274F}.Release|x64.ActiveCfg = Release|x64
		{C6B92DAA-49D0-38D4-9F15-C5465CB1274F}.Release|x64.Build.0 = Release|x64
		{C6B92DAA-49D0-38D4-9F15-C5465CB1274F}.MinSizeRel|x64.ActiveCfg = MinSizeRel|x64
		{C6B92DAA-49D0-38D4-9F15-C5465CB1274F}.MinSizeRel|x64.Build.0 = MinSizeRel|x64
		{C6B92DAA-49D0-38D4-9F15-C5465CB1274F}.RelWithDebInfo|x64.ActiveCfg = RelWithDebInfo|x64
		{C6B92DAA-49D0-38D4-9F15-C5465CB1274F}.RelWithDebInfo|x64.Build.0 = RelWithDebInfo|x64
	EndGlobalSection
	GlobalSection(NestedProjects) = preSolution
		{4CD7A9B3-5DA9-35A5-A9FE-E694129F544F} = {3FC289FC-03F5-30FE-B509-4C7D95CD3F48}
		{025CC1E1-EAB2-3A81-ACB2-31A8F49C36EC} = {3FC289FC-03F5-30FE-B509-4C7D95CD3F48}
		{5C6F29A6-C090-31C4-950D-76426B449807} = {3FC289FC-03F5-30FE-B509-4C7D95CD3F48}
		{C6B92DAA-49D0-38D4-9F15-C5465CB1274F} = {5D6C8ACD-AD68-3867-8AA4-553571FD8483}
	EndGlobalSection
	GlobalSection(ExtensibilityGlobals) = postSolution
		SolutionGuid = {7DBCCEA7-7F14-3D62-B209-B68BF59EDB17}
	EndGlobalSection
	GlobalSection(ExtensibilityAddIns) = postSolution
	EndGlobalSection
EndGlobal
